
Microsoft Visual Studio Solution File, Format Version 12.00
# Visual Studio Version 16
VisualStudioVersion = 16.0.30413.136
MinimumVisualStudioVersion = 10.0.40219.1
Project("{FAE04EC0-301F-11D3-BF4B-00C04F79EFBC}") = "OfGemCalculatorAPI", "OfGemCalculatorAPI.csproj", "{5538160A-A5B4-48F7-ACC8-1C568AB6B3C2}"
EndProject
Global
	GlobalSection(SolutionConfigurationPlatforms) = preSolution
		Debug|Any CPU = Debug|Any CPU
		Release|Any CPU = Release|Any CPU
	EndGlobalSection
	GlobalSection(ProjectConfigurationPlatforms) = postSolution
		{5538160A-A5B4-48F7-ACC8-1C568AB6B3C2}.Debug|Any CPU.ActiveCfg = Debug|Any CPU
		{5538160A-A5B4-48F7-ACC8-1C568AB6B3C2}.Debug|Any CPU.Build.0 = Debug|Any CPU
		{5538160A-A5B4-48F7-ACC8-1C568AB6B3C2}.Release|Any CPU.ActiveCfg = Release|Any CPU
		{5538160A-A5B4-48F7-ACC8-1C568AB6B3C2}.Release|Any CPU.Build.0 = Release|Any CPU
	EndGlobalSection
	GlobalSection(SolutionProperties) = preSolution
		HideSolutionNode = FALSE
	EndGlobalSection
	GlobalSection(ExtensibilityGlobals) = postSolution
		SolutionGuid = {2BAEE0AE-73EF-4574-A5EF-94FFE3F0EDE2}
	EndGlobalSection
EndGlobal
